
Microsoft Visual Studio Solution File, Format Version 12.00
# Visual Studio Version 16
VisualStudioVersion = 16.0.30512.5
MinimumVisualStudioVersion = 10.0.40219.1
Project("{FAE04EC0-301F-11D3-BF4B-00C04F79EFBC}") = "WebAPI_NET50_News", "WebAPI_NET50_News\WebAPI_NET50_News.csproj", "{8C60A989-DAB4-4955-B484-3DE31A2A8674}"
EndProject
Global
	GlobalSection(SolutionConfigurationPlatforms) = preSolution
		Debug|Any CPU = Debug|Any CPU
		Release|Any CPU = Release|Any CPU
	EndGlobalSection
	GlobalSection(ProjectConfigurationPlatforms) = postSolution
		{8C60A989-DAB4-4955-B484-3DE31A2A8674}.Debug|Any CPU.ActiveCfg = Debug|Any CPU
		{8C60A989-DAB4-4955-B484-3DE31A2A8674}.Debug|Any CPU.Build.0 = Debug|Any CPU
		{8C60A989-DAB4-4955-B484-3DE31A2A8674}.Release|Any CPU.ActiveCfg = Release|Any CPU
		{8C60A989-DAB4-4955-B484-3DE31A2A8674}.Release|Any CPU.Build.0 = Release|Any CPU
	EndGlobalSection
	GlobalSection(SolutionProperties) = preSolution
		HideSolutionNode = FALSE
	EndGlobalSection
	GlobalSection(ExtensibilityGlobals) = postSolution
		SolutionGuid = {684DF474-F7F1-4608-9A4A-CBF50907E9D0}
	EndGlobalSection
EndGlobal
